PODS:
  - AWSAuthCore (2.6.35):
    - AWSCore (= 2.6.35)
  - AWSCore (2.6.35)
  - AWSDynamoDB (2.6.35):
    - AWSCore (= 2.6.35)
  - AWSMobileClient (2.6.35):
    - AWSAuthCore (= 2.6.35)
  - CalendarKit (0.13.0):
    - DateToolsSwift
    - Neon
  - DateToolsSwift (5.0.0)
  - Neon (0.4.0)

DEPENDENCIES:
  - AWSDynamoDB (~> 2.6.13)
  - AWSMobileClient (~> 2.6.13)
  - CalendarKit

SPEC REPOS:
  trunk:
    - AWSAuthCore
    - AWSCore
    - AWSDynamoDB
    - AWSMobileClient
    - CalendarKit
    - DateToolsSwift
    - Neon

SPEC CHECKSUMS:
  AWSAuthCore: 386e045a341acebf2409425467e907ae1a45ed63
  AWSCore: 2dab62ef2e5ca5d8c72c6cbdb3a6ea1532c27c2b
  AWSDynamoDB: f4902fc37384dcf9547e2d8a32a5b208d4d1d996
  AWSMobileClient: f89a36e0d95fc354a9d3b50d347371788c542449
  CalendarKit: 25acd9ca18d0c9adb33716675ae19a74440c8403
  DateToolsSwift: 4207ada6ad615d8dc076323d27037c94916dbfa6
  Neon: 7fb5a9327e7e57911843f608e08f4893a74deaf9

PODFILE CHECKSUM: a2548fec3010f13dd0e53bf9a0dbe0373177cf2c

COCOAPODS: 1.8.4
